// !$*UTF8*$!
{
	archiveVersion = 1;
	classes = {
	};
	objectVersion = 77;
	objects = {

/* Begin PBXContainerItemProxy section */
		B05D6A1A2D3D7F0A00CC37A8 /* PBXContainerItemProxy */ = {
			isa = PBXContainerItemProxy;
			containerPortal = B05D69FB2D3D7F0800CC37A8 /* Project object */;
			proxyType = 1;
			remoteGlobalIDString = B05D6A022D3D7F0800CC37A8;
			remoteInfo = MVCWeatherViewController;
		};
		B05D6A242D3D7F0A00CC37A8 /* PBXContainerItemProxy */ = {
			isa = PBXContainerItemProxy;
			containerPortal = B05D69FB2D3D7F0800CC37A8 /* Project object */;
			proxyType = 1;
			remoteGlobalIDString = B05D6A022D3D7F0800CC37A8;
			remoteInfo = MVCWeatherViewController;
		};
/* End PBXContainerItemProxy section */

/* Begin PBXFileReference section */
		B05D6A032D3D7F0800CC37A8 /* MVCWeatherViewController.app */ = {isa = PBXFileReference; explicitFileType = wrapper.application; includeInIndex = 0; path = MVCWeatherViewController.app; sourceTree = BUILT_PRODUCTS_DIR; };
		B05D6A192D3D7F0A00CC37A8 /* MVCWeatherViewControllerTests.xctest */ = {isa = PBXFileReference; explicitFileType = wrapper.cfbundle; includeInIndex = 0; path = MVCWeatherViewControllerTests.xctest; sourceTree = BUILT_PRODUCTS_DIR; };
		B05D6A232D3D7F0A00CC37A8 /* MVCWeatherViewControllerUITests.xctest */ = {isa = PBXFileReference; explicitFileType = wrapper.cfbundle; includeInIndex = 0; path = MVCWeatherViewControllerUITests.xctest; sourceTree = BUILT_PRODUCTS_DIR; };
/* End PBXFileReference section */

/* Begin PBXFileSystemSynchronizedBuildFileExceptionSet section */
		B05D6A2B2D3D7F0A00CC37A8 /* Exceptions for "MVCWeatherViewController" folder in "MVCWeatherViewController" target */ = {
			isa = PBXFileSystemSynchronizedBuildFileExceptionSet;
			membershipExceptions = (
				Info.plist,
			);
			target = B05D6A022D3D7F0800CC37A8 /* MVCWeatherViewController */;
		};
/* End PBXFileSystemSynchronizedBuildFileExceptionSet section */

/* Begin PBXFileSystemSynchronizedRootGroup section */
		B05D6A052D3D7F0800CC37A8 /* MVCWeatherViewController */ = {
			isa = PBXFileSystemSynchronizedRootGroup;
			exceptions = (
				B05D6A2B2D3D7F0A00CC37A8 /* Exceptions for "MVCWeatherViewController" folder in "MVCWeatherViewController" target */,
			);
			path = MVCWeatherViewController;
			sourceTree = "<group>";
		};
		B05D6A1C2D3D7F0A00CC37A8 /* MVCWeatherViewControllerTests */ = {
			isa = PBXFileSystemSynchronizedRootGroup;
			path = MVCWeatherViewControllerTests;
			sourceTree = "<group>";
		};
		B05D6A262D3D7F0A00CC37A8 /* MVCWeatherViewControllerUITests */ = {
			isa = PBXFileSystemSynchronizedRootGroup;
			path = MVCWeatherViewControllerUITests;
			sourceTree = "<group>";
		};
/* End PBXFileSystemSynchronizedRootGroup section */

/* Begin PBXFrameworksBuildPhase section */
		B05D6A002D3D7F0800CC37A8 /* Frameworks */ = {
			isa = PBXFrameworksBuildPhase;
			buildActionMask = 2147483647;
			files = (
			);
			runOnlyForDeploymentPostprocessing = 0;
		};
		B05D6A162D3D7F0A00CC37A8 /* Frameworks */ = {
			isa = PBXFrameworksBuildPhase;
			buildActionMask = 2147483647;
			files = (
			);
			runOnlyForDeploymentPostprocessing = 0;
		};
		B05D6A202D3D7F0A00CC37A8 /* Frameworks */ = {
			isa = PBXFrameworksBuildPhase;
			buildActionMask = 2147483647;
			files = (
			);
			runOnlyForDeploymentPostprocessing = 0;
		};
/* End PBXFrameworksBuildPhase section */

/* Begin PBXGroup section */
		B05D69FA2D3D7F0800CC37A8 = {
			isa = PBXGroup;
			children = (
				B05D6A052D3D7F0800CC37A8 /* MVCWeatherViewController */,
				B05D6A1C2D3D7F0A00CC37A8 /* MVCWeatherViewControllerTests */,
				B05D6A262D3D7F0A00CC37A8 /* MVCWeatherViewControllerUITests */,
				B05D6A042D3D7F0800CC37A8 /* Products */,
			);
			sourceTree = "<group>";
		};
		B05D6A042D3D7F0800CC37A8 /* Products */ = {
			isa = PBXGroup;
			children = (
				B05D6A032D3D7F0800CC37A8 /* MVCWeatherViewController.app */,
				B05D6A192D3D7F0A00CC37A8 /* MVCWeatherViewControllerTests.xctest */,
				B05D6A232D3D7F0A00CC37A8 /* MVCWeatherViewControllerUITests.xctest */,
			);
			name = Products;
			sourceTree = "<group>";
		};
/* End PBXGroup section */

/* Begin PBXNativeTarget section */
		B05D6A022D3D7F0800CC37A8 /* MVCWeatherViewController */ = {
			isa = PBXNativeTarget;
			buildConfigurationList = B05D6A2C2D3D7F0A00CC37A8 /* Build configuration list for PBXNativeTarget "MVCWeatherViewController" */;
			buildPhases = (
				B05D69FF2D3D7F0800CC37A8 /* Sources */,
				B05D6A002D3D7F0800CC37A8 /* Frameworks */,
				B05D6A012D3D7F0800CC37A8 /* Resources */,
			);
			buildRules = (
			);
			dependencies = (
			);
			fileSystemSynchronizedGroups = (
				B05D6A052D3D7F0800CC37A8 /* MVCWeatherViewController */,
			);
			name = MVCWeatherViewController;
			packageProductDependencies = (
			);
			productName = MVCWeatherViewController;
			productReference = B05D6A032D3D7F0800CC37A8 /* MVCWeatherViewController.app */;
			productType = "com.apple.product-type.application";
		};
		B05D6A182D3D7F0A00CC37A8 /* MVCWeatherViewControllerTests */ = {
			isa = PBXNativeTarget;
			buildConfigurationList = B05D6A312D3D7F0A00CC37A8 /* Build configuration list for PBXNativeTarget "MVCWeatherViewControllerTests" */;
			buildPhases = (
				B05D6A152D3D7F0A00CC37A8 /* Sources */,
				B05D6A162D3D7F0A00CC37A8 /* Frameworks */,
				B05D6A172D3D7F0A00CC37A8 /* Resources */,
			);
			buildRules = (
			);
			dependencies = (
				B05D6A1B2D3D7F0A00CC37A8 /* PBXTargetDependency */,
			);
			fileSystemSynchronizedGroups = (
				B05D6A1C2D3D7F0A00CC37A8 /* MVCWeatherViewControllerTests */,
			);
			name = MVCWeatherViewControllerTests;
			packageProductDependencies = (
			);
			productName = MVCWeatherViewControllerTests;
			productReference = B05D6A192D3D7F0A00CC37A8 /* MVCWeatherViewControllerTests.xctest */;
			productType = "com.apple.product-type.bundle.unit-test";
		};
		B05D6A222D3D7F0A00CC37A8 /* MVCWeatherViewControllerUITests */ = {
			isa = PBXNativeTarget;
			buildConfigurationList = B05D6A342D3D7F0A00CC37A8 /* Build configuration list for PBXNativeTarget "MVCWeatherViewControllerUITests" */;
			buildPhases = (
				B05D6A1F2D3D7F0A00CC37A8 /* Sources */,
				B05D6A202D3D7F0A00CC37A8 /* Frameworks */,
				B05D6A212D3D7F0A00CC37A8 /* Resources */,
			);
			buildRules = (
			);
			dependencies = (
				B05D6A252D3D7F0A00CC37A8 /* PBXTargetDependency */,
			);
			fileSystemSynchronizedGroups = (
				B05D6A262D3D7F0A00CC37A8 /* MVCWeatherViewControllerUITests */,
			);
			name = MVCWeatherViewControllerUITests;
			packageProductDependencies = (
			);
			productName = MVCWeatherViewControllerUITests;
			productReference = B05D6A232D3D7F0A00CC37A8 /* MVCWeatherViewControllerUITests.xctest */;
			productType = "com.apple.product-type.bundle.ui-testing";
		};
/* End PBXNativeTarget section */

/* Begin PBXProject section */
		B05D69FB2D3D7F0800CC37A8 /* Project object */ = {
			isa = PBXProject;
			attributes = {
				BuildIndependentTargetsInParallel = 1;
				LastSwiftUpdateCheck = 1620;
				LastUpgradeCheck = 1620;
				TargetAttributes = {
					B05D6A022D3D7F0800CC37A8 = {
						CreatedOnToolsVersion = 16.2;
					};
					B05D6A182D3D7F0A00CC37A8 = {
						CreatedOnToolsVersion = 16.2;
						TestTargetID = B05D6A022D3D7F0800CC37A8;
					};
					B05D6A222D3D7F0A00CC37A8 = {
						CreatedOnToolsVersion = 16.2;
						TestTargetID = B05D6A022D3D7F0800CC37A8;
					};
				};
			};
			buildConfigurationList = B05D69FE2D3D7F0800CC37A8 /* Build configuration list for PBXProject "MVCWeatherViewController" */;
			developmentRegion = en;
			hasScannedForEncodings = 0;
			knownRegions = (
				en,
				Base,
			);
			mainGroup = B05D69FA2D3D7F0800CC37A8;
			minimizedProjectReferenceProxies = 1;
			preferredProjectObjectVersion = 77;
			productRefGroup = B05D6A042D3D7F0800CC37A8 /* Products */;
			projectDirPath = "";
			projectRoot = "";
			targets = (
				B05D6A022D3D7F0800CC37A8 /* MVCWeatherViewController */,
				B05D6A182D3D7F0A00CC37A8 /* MVCWeatherViewControllerTests */,
				B05D6A222D3D7F0A00CC37A8 /* MVCWeatherViewControllerUITests */,
			);
		};
/* End PBXProject section */

/* Begin PBXResourcesBuildPhase section */
		B05D6A012D3D7F0800CC37A8 /* Resources */ = {
			isa = PBXResourcesBuildPhase;
			buildActionMask = 2147483647;
			files = (
			);
			runOnlyForDeploymentPostprocessing = 0;
		};
		B05D6A172D3D7F0A00CC37A8 /* Resources */ = {
			isa = PBXResourcesBuildPhase;
			buildActionMask = 2147483647;
			files = (
			);
			runOnlyForDeploymentPostprocessing = 0;
		};
		B05D6A212D3D7F0A00CC37A8 /* Resources */ = {
			isa = PBXResourcesBuildPhase;
			buildActionMask = 2147483647;
			files = (
			);
			runOnlyForDeploymentPostprocessing = 0;
		};
/* End PBXResourcesBuildPhase section */

/* Begin PBXSourcesBuildPhase section */
		B05D69FF2D3D7F0800CC37A8 /* Sources */ = {
			isa = PBXSourcesBuildPhase;
			buildActionMask = 2147483647;
			files = (
			);
			runOnlyForDeploymentPostprocessing = 0;
		};
		B05D6A152D3D7F0A00CC37A8 /* Sources */ = {
			isa = PBXSourcesBuildPhase;
			buildActionMask = 2147483647;
			files = (
			);
			runOnlyForDeploymentPostprocessing = 0;
		};
		B05D6A1F2D3D7F0A00CC37A8 /* Sources */ = {
			isa = PBXSourcesBuildPhase;
			buildActionMask = 2147483647;
			files = (
			);
			runOnlyForDeploymentPostprocessing = 0;
		};
/* End PBXSourcesBuildPhase section */

/* Begin PBXTargetDependency section */
		B05D6A1B2D3D7F0A00CC37A8 /* PBXTargetDependency */ = {
			isa = PBXTargetDependency;
			target = B05D6A022D3D7F0800CC37A8 /* MVCWeatherViewController */;
			targetProxy = B05D6A1A2D3D7F0A00CC37A8 /* PBXContainerItemProxy */;
		};
		B05D6A252D3D7F0A00CC37A8 /* PBXTargetDependency */ = {
			isa = PBXTargetDependency;
			target = B05D6A022D3D7F0800CC37A8 /* MVCWeatherViewController */;
			targetProxy = B05D6A242D3D7F0A00CC37A8 /* PBXContainerItemProxy */;
		};
/* End PBXTargetDependency section */

/* Begin XCBuildConfiguration section */
		B05D6A2D2D3D7F0A00CC37A8 /* Debug */ = {
			isa = XCBuildConfiguration;
			buildSettings = {
				ASSETCATALOG_COMPILER_APPICON_NAME = AppIcon;
				ASSETCATALOG_COMPILER_GLOBAL_ACCENT_COLOR_NAME = AccentColor;
				CODE_SIGN_STYLE = Automatic;
				CURRENT_PROJECT_VERSION = 1;
				GENERATE_INFOPLIST_FILE = YES;
				INFOPLIST_FILE = MVCWeatherViewController/Info.plist;
				INFOPLIST_KEY_UIApplicationSupportsIndirectInputEvents = YES;
				INFOPLIST_KEY_UILaunchStoryboardName = LaunchScreen;
				INFOPLIST_KEY_UISupportedInterfaceOrientations_iPad = "UIInterfaceOrientationPortrait UIInterfaceOrientationPortraitUpsideDown UIInterfaceOrientationLandscapeLeft UIInterfaceOrientationLandscapeRight";
				INFOPLIST_KEY_UISupportedInterfaceOrientations_iPhone = "UIInterfaceOrientationPortrait UIInterfaceOrientationLandscapeLeft UIInterfaceOrientationLandscapeRight";
				LD_RUNPATH_SEARCH_PATHS = (
					"$(inherited)",
					"@executable_path/Frameworks",
				);
				MARKETING_VERSION = 1.0;
				PRODUCT_BUNDLE_IDENTIFIER = Motive.MVCWeatherViewController;
				PRODUCT_NAME = "$(TARGET_NAME)";
				SWIFT_EMIT_LOC_STRINGS = YES;
				SWIFT_VERSION = 5.0;
				TARGETED_DEVICE_FAMILY = "1,2";
			};
			name = Debug;
		};
		B05D6A2E2D3D7F0A00CC37A8 /* Release */ = {
			isa = XCBuildConfiguration;
			buildSettings = {
				ASSETCATALOG_COMPILER_APPICON_NAME = AppIcon;
				ASSETCATALOG_COMPILER_GLOBAL_ACCENT_COLOR_NAME = AccentColor;
				CODE_SIGN_STYLE = Automatic;
				CURRENT_PROJECT_VERSION = 1;
				GENERATE_INFOPLIST_FILE = YES;
				INFOPLIST_FILE = MVCWeatherViewController/Info.plist;
				INFOPLIST_KEY_UIApplicationSupportsIndirectInputEvents = YES;
				INFOPLIST_KEY_UILaunchStoryboardName = LaunchScreen;
				INFOPLIST_KEY_UISupportedInterfaceOrientations_iPad = "UIInterfaceOrientationPortrait UIInterfaceOrientationPortraitUpsideDown UIInterfaceOrientationLandscapeLeft UIInterfaceOrientationLandscapeRight";
				INFOPLIST_KEY_UISupportedInterfaceOrientations_iPhone = "UIInterfaceOrientationPortrait UIInterfaceOrientationLandscapeLeft UIInterfaceOrientationLandscapeRight";
				LD_RUNPATH_SEARCH_PATHS = (
					"$(inherited)",
					"@executable_path/Frameworks",
				);
				MARKETING_VERSION = 1.0;
				PRODUCT_BUNDLE_IDENTIFIER = Motive.MVCWeatherViewController;
				PRODUCT_NAME = "$(TARGET_NAME)";
				SWIFT_EMIT_LOC_STRINGS = YES;
				SWIFT_VERSION = 5.0;
				TARGETED_DEVICE_FAMILY = "1,2";
			};
			name = Release;
		};
		B05D6A2F2D3D7F0A00CC37A8 /* Debug */ = {
			isa = XCBuildConfiguration;
			buildSettings = {
				ALWAYS_SEARCH_USER_PATHS = NO;
				ASSETCATALOG_COMPILER_GENERATE_SWIFT_ASSET_SYMBOL_EXTENSIONS = YES;
				CLANG_ANALYZER_NONNULL = YES;
				CLANG_ANALYZER_NUMBER_OBJECT_CONVERSION = YES_AGGRESSIVE;
				CLANG_CXX_LANGUAGE_STANDARD = "gnu++20";
				CLANG_ENABLE_MODULES = YES;
				CLANG_ENABLE_OBJC_ARC = YES;
				CLANG_ENABLE_OBJC_WEAK = YES;
				CLANG_WARN_BLOCK_CAPTURE_AUTORELEASING = YES;
				CLANG_WARN_BOOL_CONVERSION = YES;
				CLANG_WARN_COMMA = YES;
				CLANG_WARN_CONSTANT_CONVERSION = YES;
				CLANG_WARN_DEPRECATED_OBJC_IMPLEMENTATIONS = YES;
				CLANG_WARN_DIRECT_OBJC_ISA_USAGE = YES_ERROR;
				CLANG_WARN_DOCUMENTATION_COMMENTS = YES;
				CLANG_WARN_EMPTY_BODY = YES;
				CLANG_WARN_ENUM_CONVERSION = YES;
				CLANG_WARN_INFINITE_RECURSION = YES;
				CLANG_WARN_INT_CONVERSION = YES;
				CLANG_WARN_NON_LITERAL_NULL_CONVERSION = YES;
				CLANG_WARN_OBJC_IMPLICIT_RETAIN_SELF = YES;
				CLANG_WARN_OBJC_LITERAL_CONVERSION = YES;
				CLANG_WARN_OBJC_ROOT_CLASS = YES_ERROR;
				CLANG_WARN_QUOTED_INCLUDE_IN_FRAMEWORK_HEADER = YES;
				CLANG_WARN_RANGE_LOOP_ANALYSIS = YES;
				CLANG_WARN_STRICT_PROTOTYPES = YES;
				CLANG_WARN_SUSPICIOUS_MOVE = YES;
				CLANG_WARN_UNGUARDED_AVAILABILITY = YES_AGGRESSIVE;
				CLANG_WARN_UNREACHABLE_CODE = YES;
				CLANG_WARN__DUPLICATE_METHOD_MATCH = YES;
				COPY_PHASE_STRIP = NO;
				DEBUG_INFORMATION_FORMAT = dwarf;
				ENABLE_STRICT_OBJC_MSGSEND = YES;
				ENABLE_TESTABILITY = YES;
				ENABLE_USER_SCRIPT_SANDBOXING = YES;
				GCC_C_LANGUAGE_STANDARD = gnu17;
				GCC_DYNAMIC_NO_PIC = NO;
				GCC_NO_COMMON_BLOCKS = YES;
				GCC_OPTIMIZATION_LEVEL = 0;
				GCC_PREPROCESSOR_DEFINITIONS = (
					"DEBUG=1",
					"$(inherited)",
				);
				GCC_WARN_64_TO_32_BIT_CONVERSION = YES;
				GCC_WARN_ABOUT_RETURN_TYPE = YES_ERROR;
				GCC_WARN_UNDECLARED_SELECTOR = YES;
				GCC_WARN_UNINITIALIZED_AUTOS = YES_AGGRESSIVE;
				GCC_WARN_UNUSED_FUNCTION = YES;
				GCC_WARN_UNUSED_VARIABLE = YES;
				IPHONEOS_DEPLOYMENT_TARGET = 18.2;
				LOCALIZATION_PREFERS_STRING_CATALOGS = YES;
				MTL_ENABLE_DEBUG_INFO = INCLUDE_SOURCE;
				MTL_FAST_MATH = YES;
				ONLY_ACTIVE_ARCH = YES;
				SDKROOT = iphoneos;
				SWIFT_ACTIVE_COMPILATION_CONDITIONS = "DEBUG $(inherited)";
				SWIFT_OPTIMIZATION_LEVEL = "-Onone";
			};
			name = Debug;
		};
		B05D6A302D3D7F0A00CC37A8 /* Release */ = {
			isa = XCBuildConfiguration;
			buildSettings = {
				ALWAYS_SEARCH_USER_PATHS = NO;
				ASSETCATALOG_COMPILER_GENERATE_SWIFT_ASSET_SYMBOL_EXTENSIONS = YES;
				CLANG_ANALYZER_NONNULL = YES;
				CLANG_ANALYZER_NUMBER_OBJECT_CONVERSION = YES_AGGRESSIVE;
				CLANG_CXX_LANGUAGE_STANDARD = "gnu++20";
				CLANG_ENABLE_MODULES = YES;
				CLANG_ENABLE_OBJC_ARC = YES;
				CLANG_ENABLE_OBJC_WEAK = YES;
				CLANG_WARN_BLOCK_CAPTURE_AUTORELEASING = YES;
				CLANG_WARN_BOOL_CONVERSION = YES;
				CLANG_WARN_COMMA = YES;
				CLANG_WARN_CONSTANT_CONVERSION = YES;
				CLANG_WARN_DEPRECATED_OBJC_IMPLEMENTATIONS = YES;
				CLANG_WARN_DIRECT_OBJC_ISA_USAGE = YES_ERROR;
				CLANG_WARN_DOCUMENTATION_COMMENTS = YES;
				CLANG_WARN_EMPTY_BODY = YES;
				CLANG_WARN_ENUM_CONVERSION = YES;
				CLANG_WARN_INFINITE_RECURSION = YES;
				CLANG_WARN_INT_CONVERSION = YES;
				CLANG_WARN_NON_LITERAL_NULL_CONVERSION = YES;
				CLANG_WARN_OBJC_IMPLICIT_RETAIN_SELF = YES;
				CLANG_WARN_OBJC_LITERAL_CONVERSION = YES;
				CLANG_WARN_OBJC_ROOT_CLASS = YES_ERROR;
				CLANG_WARN_QUOTED_INCLUDE_IN_FRAMEWORK_HEADER = YES;
				CLANG_WARN_RANGE_LOOP_ANALYSIS = YES;
				CLANG_WARN_STRICT_PROTOTYPES = YES;
				CLANG_WARN_SUSPICIOUS_MOVE = YES;
				CLANG_WARN_UNGUARDED_AVAILABILITY = YES_AGGRESSIVE;
				CLANG_WARN_UNREACHABLE_CODE = YES;
				CLANG_WARN__DUPLICATE_METHOD_MATCH = YES;
				COPY_PHASE_STRIP = NO;
				DEBUG_INFORMATION_FORMAT = "dwarf-with-dsym";
				ENABLE_NS_ASSERTIONS = NO;
				ENABLE_STRICT_OBJC_MSGSEND = YES;
				ENABLE_USER_SCRIPT_SANDBOXING = YES;
				GCC_C_LANGUAGE_STANDARD = gnu17;
				GCC_NO_COMMON_BLOCKS = YES;
				GCC_WARN_64_TO_32_BIT_CONVERSION = YES;
				GCC_WARN_ABOUT_RETURN_TYPE = YES_ERROR;
				GCC_WARN_UNDECLARED_SELECTOR = YES;
				GCC_WARN_UNINITIALIZED_AUTOS = YES_AGGRESSIVE;
				GCC_WARN_UNUSED_FUNCTION = YES;
				GCC_WARN_UNUSED_VARIABLE = YES;
				IPHONEOS_DEPLOYMENT_TARGET = 18.2;
				LOCALIZATION_PREFERS_STRING_CATALOGS = YES;
				MTL_ENABLE_DEBUG_INFO = NO;
				MTL_FAST_MATH = YES;
				SDKROOT = iphoneos;
				SWIFT_COMPILATION_MODE = wholemodule;
				VALIDATE_PRODUCT = YES;
			};
			name = Release;
		};
		B05D6A322D3D7F0A00CC37A8 /* Debug */ = {
			isa = XCBuildConfiguration;
			buildSettings = {
				BUNDLE_LOADER = "$(TEST_HOST)";
				CODE_SIGN_STYLE = Automatic;
				CURRENT_PROJECT_VERSION = 1;
				GENERATE_INFOPLIST_FILE = YES;
				IPHONEOS_DEPLOYMENT_TARGET = 18.2;
				MARKETING_VERSION = 1.0;
				PRODUCT_BUNDLE_IDENTIFIER = Motive.MVCWeatherViewControllerTests;
				PRODUCT_NAME = "$(TARGET_NAME)";
				SWIFT_EMIT_LOC_STRINGS = NO;
				SWIFT_VERSION = 5.0;
				TARGETED_DEVICE_FAMILY = "1,2";
				TEST_HOST = "$(BUILT_PRODUCTS_DIR)/MVCWeatherViewController.app/$(BUNDLE_EXECUTABLE_FOLDER_PATH)/MVCWeatherViewController";
			};
			name = Debug;
		};
		B05D6A332D3D7F0A00CC37A8 /* Release */ = {
			isa = XCBuildConfiguration;
			buildSettings = {
				BUNDLE_LOADER = "$(TEST_HOST)";
				CODE_SIGN_STYLE = Automatic;
				CURRENT_PROJECT_VERSION = 1;
				GENERATE_INFOPLIST_FILE = YES;
				IPHONEOS_DEPLOYMENT_TARGET = 18.2;
				MARKETING_VERSION = 1.0;
				PRODUCT_BUNDLE_IDENTIFIER = Motive.MVCWeatherViewControllerTests;
				PRODUCT_NAME = "$(TARGET_NAME)";
				SWIFT_EMIT_LOC_STRINGS = NO;
				SWIFT_VERSION = 5.0;
				TARGETED_DEVICE_FAMILY = "1,2";
				TEST_HOST = "$(BUILT_PRODUCTS_DIR)/MVCWeatherViewController.app/$(BUNDLE_EXECUTABLE_FOLDER_PATH)/MVCWeatherViewController";
			};
			name = Release;
		};
		B05D6A352D3D7F0A00CC37A8 /* Debug */ = {
			isa = XCBuildConfiguration;
			buildSettings = {
				CODE_SIGN_STYLE = Automatic;
				CURRENT_PROJECT_VERSION = 1;
				GENERATE_INFOPLIST_FILE = YES;
				MARKETING_VERSION = 1.0;
				PRODUCT_BUNDLE_IDENTIFIER = Motive.MVCWeatherViewControllerUITests;
				PRODUCT_NAME = "$(TARGET_NAME)";
				SWIFT_EMIT_LOC_STRINGS = NO;
				SWIFT_VERSION = 5.0;
				TARGETED_DEVICE_FAMILY = "1,2";
				TEST_TARGET_NAME = MVCWeatherViewController;
			};
			name = Debug;
		};
		B05D6A362D3D7F0A00CC37A8 /* Release */ = {
			isa = XCBuildConfiguration;
			buildSettings = {
				CODE_SIGN_STYLE = Automatic;
				CURRENT_PROJECT_VERSION = 1;
				GENERATE_INFOPLIST_FILE = YES;
				MARKETING_VERSION = 1.0;
				PRODUCT_BUNDLE_IDENTIFIER = Motive.MVCWeatherViewControllerUITests;
				PRODUCT_NAME = "$(TARGET_NAME)";
				SWIFT_EMIT_LOC_STRINGS = NO;
				SWIFT_VERSION = 5.0;
				TARGETED_DEVICE_FAMILY = "1,2";
				TEST_TARGET_NAME = MVCWeatherViewController;
			};
			name = Release;
		};
/* End XCBuildConfiguration section */

/* Begin XCConfigurationList section */
		B05D69FE2D3D7F0800CC37A8 /* Build configuration list for PBXProject "MVCWeatherViewController" */ = {
			isa = XCConfigurationList;
			buildConfigurations = (
				B05D6A2F2D3D7F0A00CC37A8 /* Debug */,
				B05D6A302D3D7F0A00CC37A8 /* Release */,
			);
			defaultConfigurationIsVisible = 0;
			defaultConfigurationName = Release;
		};
		B05D6A2C2D3D7F0A00CC37A8 /* Build configuration list for PBXNativeTarget "MVCWeatherViewController" */ = {
			isa = XCConfigurationList;
			buildConfigurations = (
				B05D6A2D2D3D7F0A00CC37A8 /* Debug */,
				B05D6A2E2D3D7F0A00CC37A8 /* Release */,
			);
			defaultConfigurationIsVisible = 0;
			defaultConfigurationName = Release;
		};
		B05D6A312D3D7F0A00CC37A8 /* Build configuration list for PBXNativeTarget "MVCWeatherViewControllerTests" */ = {
			isa = XCConfigurationList;
			buildConfigurations = (
				B05D6A322D3D7F0A00CC37A8 /* Debug */,
				B05D6A332D3D7F0A00CC37A8 /* Release */,
			);
			defaultConfigurationIsVisible = 0;
			defaultConfigurationName = Release;
		};
		B05D6A342D3D7F0A00CC37A8 /* Build configuration list for PBXNativeTarget "MVCWeatherViewControllerUITests" */ = {
			isa = XCConfigurationList;
			buildConfigurations = (
				B05D6A352D3D7F0A00CC37A8 /* Debug */,
				B05D6A362D3D7F0A00CC37A8 /* Release */,
			);
			defaultConfigurationIsVisible = 0;
			defaultConfigurationName = Release;
		};
/* End XCConfigurationList section */
	};
	rootObject = B05D69FB2D3D7F0800CC37A8 /* Project object */;
}
